
Microsoft Visual Studio Solution File, Format Version 12.00
# Visual Studio Version 16
VisualStudioVersion = 16.0.31613.86
MinimumVisualStudioVersion = 10.0.40219.1
Project("{2150E333-8FDC-42A3-9474-1A3956D46DE8}") = "Application", "Application", "{8AD98AE4-0B27-40D3-8B93-837BD74BB3C3}"
EndProject
Project("{2150E333-8FDC-42A3-9474-1A3956D46DE8}") = "Domain", "Domain", "{545E074E-500B-4D70-9456-1251817BCC09}"
EndProject
Project("{2150E333-8FDC-42A3-9474-1A3956D46DE8}") = "Infra.Ioc", "Infra.Ioc", "{DC3E38AE-C920-42D4-BD4E-C0E5554FBCDB}"
EndProject
Project("{2150E333-8FDC-42A3-9474-1A3956D46DE8}") = "Infra.Data", "Infra.Data", "{5BBDE20A-8DF5-4662-8427-B42D43524D1D}"
EndProject
Project("{2150E333-8FDC-42A3-9474-1A3956D46DE8}") = "Presentation", "Presentation", "{BF0A7C45-6702-47F8-8918-D61DB7B54DD3}"
EndProject
Project("{9A19103F-16F7-4668-BE54-9A1E7A4F7556}") = "CleanArchitecture.Mvc", "CleanArchitecture.Mvc\CleanArchitecture.Mvc.csproj", "{1314BAC9-E3AD-4565-902F-E68D176D2539}"
EndProject
Project("{9A19103F-16F7-4668-BE54-9A1E7A4F7556}") = "CleanArchitecture.Domain", "CleanArchitecture.Domain\CleanArchitecture.Domain.csproj", "{31442F2F-1A10-4050-A388-7086DA082A1D}"
EndProject
Project("{9A19103F-16F7-4668-BE54-9A1E7A4F7556}") = "CleanArchitecture.Infra.Data", "CleanArchitecture.Infra.Data\CleanArchitecture.Infra.Data.csproj", "{DBED0E09-414C-495F-9380-EF496465F2FE}"
EndProject
Project("{FAE04EC0-301F-11D3-BF4B-00C04F79EFBC}") = "CleanArchitecture.Application", "CleanArchitecture.Application\CleanArchitecture.Application.csproj", "{5D1D467D-66E4-4DA5-A7F4-38A89C578B16}"
EndProject
Project("{FAE04EC0-301F-11D3-BF4B-00C04F79EFBC}") = "CleanArchitecture.IoC", "CleanArchitecture.IoC\CleanArchitecture.IoC.csproj", "{5D06EE83-085B-4A1F-AC53-DE9CFE08DC47}"
EndProject
Global
	GlobalSection(SolutionConfigurationPlatforms) = preSolution
		Debug|Any CPU = Debug|Any CPU
		Release|Any CPU = Release|Any CPU
	EndGlobalSection
	GlobalSection(ProjectConfigurationPlatforms) = postSolution
		{1314BAC9-E3AD-4565-902F-E68D176D2539}.Debug|Any CPU.ActiveCfg = Debug|Any CPU
		{1314BAC9-E3AD-4565-902F-E68D176D2539}.Debug|Any CPU.Build.0 = Debug|Any CPU
		{1314BAC9-E3AD-4565-902F-E68D176D2539}.Release|Any CPU.ActiveCfg = Release|Any CPU
		{1314BAC9-E3AD-4565-902F-E68D176D2539}.Release|Any CPU.Build.0 = Release|Any CPU
		{31442F2F-1A10-4050-A388-7086DA082A1D}.Debug|Any CPU.ActiveCfg = Debug|Any CPU
		{31442F2F-1A10-4050-A388-7086DA082A1D}.Debug|Any CPU.Build.0 = Debug|Any CPU
		{31442F2F-1A10-4050-A388-7086DA082A1D}.Release|Any CPU.ActiveCfg = Release|Any CPU
		{31442F2F-1A10-4050-A388-7086DA082A1D}.Release|Any CPU.Build.0 = Release|Any CPU
		{DBED0E09-414C-495F-9380-EF496465F2FE}.Debug|Any CPU.ActiveCfg = Debug|Any CPU
		{DBED0E09-414C-495F-9380-EF496465F2FE}.Debug|Any CPU.Build.0 = Debug|Any CPU
		{DBED0E09-414C-495F-9380-EF496465F2FE}.Release|Any CPU.ActiveCfg = Release|Any CPU
		{DBED0E09-414C-495F-9380-EF496465F2FE}.Release|Any CPU.Build.0 = Release|Any CPU
		{5D1D467D-66E4-4DA5-A7F4-38A89C578B16}.Debug|Any CPU.ActiveCfg = Debug|Any CPU
		{5D1D467D-66E4-4DA5-A7F4-38A89C578B16}.Debug|Any CPU.Build.0 = Debug|Any CPU
		{5D1D467D-66E4-4DA5-A7F4-38A89C578B16}.Release|Any CPU.ActiveCfg = Release|Any CPU
		{5D1D467D-66E4-4DA5-A7F4-38A89C578B16}.Release|Any CPU.Build.0 = Release|Any CPU
		{5D06EE83-085B-4A1F-AC53-DE9CFE08DC47}.Debug|Any CPU.ActiveCfg = Debug|Any CPU
		{5D06EE83-085B-4A1F-AC53-DE9CFE08DC47}.Debug|Any CPU.Build.0 = Debug|Any CPU
		{5D06EE83-085B-4A1F-AC53-DE9CFE08DC47}.Release|Any CPU.ActiveCfg = Release|Any CPU
		{5D06EE83-085B-4A1F-AC53-DE9CFE08DC47}.Release|Any CPU.Build.0 = Release|Any CPU
	EndGlobalSection
	GlobalSection(SolutionProperties) = preSolution
		HideSolutionNode = FALSE
	EndGlobalSection
	GlobalSection(NestedProjects) = preSolution
		{1314BAC9-E3AD-4565-902F-E68D176D2539} = {BF0A7C45-6702-47F8-8918-D61DB7B54DD3}
		{31442F2F-1A10-4050-A388-7086DA082A1D} = {545E074E-500B-4D70-9456-1251817BCC09}
		{DBED0E09-414C-495F-9380-EF496465F2FE} = {5BBDE20A-8DF5-4662-8427-B42D43524D1D}
		{5D1D467D-66E4-4DA5-A7F4-38A89C578B16} = {8AD98AE4-0B27-40D3-8B93-837BD74BB3C3}
		{5D06EE83-085B-4A1F-AC53-DE9CFE08DC47} = {DC3E38AE-C920-42D4-BD4E-C0E5554FBCDB}
	EndGlobalSection
	GlobalSection(ExtensibilityGlobals) = postSolution
		SolutionGuid = {2EF34F3E-3B02-4646-939F-93C0E3FCC676}
	EndGlobalSection
EndGlobal
